// !$*UTF8*$!
{
	archiveVersion = 1;
	classes = {
	};
	objectVersion = 46;
	objects = {

/* Begin PBXBuildFile section */
		FAA1E51F18A0335C00E90412 /* Foundation.framework in Frameworks */ = {isa = PBXBuildFile; fileRef = FAA1E51E18A0335C00E90412 /* Foundation.framework */; };
		FAA1E52118A0335C00E90412 /* CoreGraphics.framework in Frameworks */ = {isa = PBXBuildFile; fileRef = FAA1E52018A0335C00E90412 /* CoreGraphics.framework */; };
		FAA1E52318A0335C00E90412 /* UIKit.framework in Frameworks */ = {isa = PBXBuildFile; fileRef = FAA1E52218A0335C00E90412 /* UIKit.framework */; };
		FAA1E52918A0335C00E90412 /* InfoPlist.strings in Resources */ = {isa = PBXBuildFile; fileRef = FAA1E52718A0335C00E90412 /* InfoPlist.strings */; };
		FAA1E52B18A0335C00E90412 /* main.m in Sources */ = {isa = PBXBuildFile; fileRef = FAA1E52A18A0335C00E90412 /* main.m */; };
		FAA1E52F18A0335C00E90412 /* STKAppDelegate.m in Sources */ = {isa = PBXBuildFile; fileRef = FAA1E52E18A0335C00E90412 /* STKAppDelegate.m */; };
		FAA1E53118A0335C00E90412 /* Images.xcassets in Resources */ = {isa = PBXBuildFile; fileRef = FAA1E53018A0335C00E90412 /* Images.xcassets */; };
		FAA1E53818A0335C00E90412 /* XCTest.framework in Frameworks */ = {isa = PBXBuildFile; fileRef = FAA1E53718A0335C00E90412 /* XCTest.framework */; };
		FAA1E53918A0335C00E90412 /* Foundation.framework in Frameworks */ = {isa = PBXBuildFile; fileRef = FAA1E51E18A0335C00E90412 /* Foundation.framework */; };
		FAA1E53A18A0335C00E90412 /* UIKit.framework in Frameworks */ = {isa = PBXBuildFile; fileRef = FAA1E52218A0335C00E90412 /* UIKit.framework */; };
		FAA1E54218A0335C00E90412 /* InfoPlist.strings in Resources */ = {isa = PBXBuildFile; fileRef = FAA1E54018A0335C00E90412 /* InfoPlist.strings */; };
		FAA1E54418A0335C00E90412 /* Sun_TrackerTests.m in Sources */ = {isa = PBXBuildFile; fileRef = FAA1E54318A0335C00E90412 /* Sun_TrackerTests.m */; };
		FAA1E55418A033AF00E90412 /* STKSunTrackerViewController.m in Sources */ = {isa = PBXBuildFile; fileRef = FAA1E55218A033AF00E90412 /* STKSunTrackerViewController.m */; };
		FAA1E55518A033AF00E90412 /* STKSunTrackerViewController.xib in Resources */ = {isa = PBXBuildFile; fileRef = FAA1E55318A033AF00E90412 /* STKSunTrackerViewController.xib */; };
		FAA1E55818A033CF00E90412 /* STKSunTrackerView.m in Sources */ = {isa = PBXBuildFile; fileRef = FAA1E55718A033CF00E90412 /* STKSunTrackerView.m */; };
		FAA1E55E18A0356600E90412 /* STKSunTracker.m in Sources */ = {isa = PBXBuildFile; fileRef = FAA1E55D18A0356600E90412 /* STKSunTracker.m */; };
		FAA1E56218A0358600E90412 /* STKGeometry.m in Sources */ = {isa = PBXBuildFile; fileRef = FAA1E56118A0358600E90412 /* STKGeometry.m */; };
/* End PBXBuildFile section */

/* Begin PBXContainerItemProxy section */
		FAA1E53B18A0335C00E90412 /* PBXContainerItemProxy */ = {
			isa = PBXContainerItemProxy;
			containerPortal = FAA1E51318A0335C00E90412 /* Project object */;
			proxyType = 1;
			remoteGlobalIDString = FAA1E51A18A0335C00E90412;
			remoteInfo = "Sun Tracker";
		};
/* End PBXContainerItemProxy section */

/* Begin PBXFileReference section */
		FAA1E51B18A0335C00E90412 /* Sun Tracker.app */ = {isa = PBXFileReference; explicitFileType = wrapper.application; includeInIndex = 0; path = "Sun Tracker.app"; sourceTree = BUILT_PRODUCTS_DIR; };
		FAA1E51E18A0335C00E90412 /* Foundation.framework */ = {isa = PBXFileReference; lastKnownFileType = wrapper.framework; name = Foundation.framework; path = System/Library/Frameworks/Foundation.framework; sourceTree = SDKROOT; };
		FAA1E52018A0335C00E90412 /* CoreGraphics.framework */ = {isa = PBXFileReference; lastKnownFileType = wrapper.framework; name = CoreGraphics.framework; path = System/Library/Frameworks/CoreGraphics.framework; sourceTree = SDKROOT; };
		FAA1E52218A0335C00E90412 /* UIKit.framework */ = {isa = PBXFileReference; lastKnownFileType = wrapper.framework; name = UIKit.framework; path = System/Library/Frameworks/UIKit.framework; sourceTree = SDKROOT; };
		FAA1E52618A0335C00E90412 /* Sun Tracker-Info.plist */ = {isa = PBXFileReference; lastKnownFileType = text.plist.xml; path = "Sun Tracker-Info.plist"; sourceTree = "<group>"; };
		FAA1E52818A0335C00E90412 /* en */ = {isa = PBXFileReference; lastKnownFileType = text.plist.strings; name = en; path = en.lproj/InfoPlist.strings; sourceTree = "<group>"; };
		FAA1E52A18A0335C00E90412 /* main.m */ = {isa = PBXFileReference; lastKnownFileType = sourcecode.c.objc; path = main.m; sourceTree = "<group>"; };
		FAA1E52C18A0335C00E90412 /* Sun Tracker-Prefix.pch */ = {isa = PBXFileReference; lastKnownFileType = sourcecode.c.h; path = "Sun Tracker-Prefix.pch"; sourceTree = "<group>"; };
		FAA1E52D18A0335C00E90412 /* STKAppDelegate.h */ = {isa = PBXFileReference; lastKnownFileType = sourcecode.c.h; path = STKAppDelegate.h; sourceTree = "<group>"; };
		FAA1E52E18A0335C00E90412 /* STKAppDelegate.m */ = {isa = PBXFileReference; lastKnownFileType = sourcecode.c.objc; path = STKAppDelegate.m; sourceTree = "<group>"; };
		FAA1E53018A0335C00E90412 /* Images.xcassets */ = {isa = PBXFileReference; lastKnownFileType = folder.assetcatalog; path = Images.xcassets; sourceTree = "<group>"; };
		FAA1E53618A0335C00E90412 /* Sun TrackerTests.xctest */ = {isa = PBXFileReference; explicitFileType = wrapper.cfbundle; includeInIndex = 0; path = "Sun TrackerTests.xctest"; sourceTree = BUILT_PRODUCTS_DIR; };
		FAA1E53718A0335C00E90412 /* XCTest.framework */ = {isa = PBXFileReference; lastKnownFileType = wrapper.framework; name = XCTest.framework; path = Library/Frameworks/XCTest.framework; sourceTree = DEVELOPER_DIR; };
		FAA1E53F18A0335C00E90412 /* Sun TrackerTests-Info.plist */ = {isa = PBXFileReference; lastKnownFileType = text.plist.xml; path = "Sun TrackerTests-Info.plist"; sourceTree = "<group>"; };
		FAA1E54118A0335C00E90412 /* en */ = {isa = PBXFileReference; lastKnownFileType = text.plist.strings; name = en; path = en.lproj/InfoPlist.strings; sourceTree = "<group>"; };
		FAA1E54318A0335C00E90412 /* Sun_TrackerTests.m */ = {isa = PBXFileReference; lastKnownFileType = sourcecode.c.objc; path = Sun_TrackerTests.m; sourceTree = "<group>"; };
		FAA1E55118A033AF00E90412 /* STKSunTrackerViewController.h */ = {isa = PBXFileReference; fileEncoding = 4; lastKnownFileType = sourcecode.c.h; path = STKSunTrackerViewController.h; sourceTree = "<group>"; };
		FAA1E55218A033AF00E90412 /* STKSunTrackerViewController.m */ = {isa = PBXFileReference; fileEncoding = 4; lastKnownFileType = sourcecode.c.objc; path = STKSunTrackerViewController.m; sourceTree = "<group>"; };
		FAA1E55318A033AF00E90412 /* STKSunTrackerViewController.xib */ = {isa = PBXFileReference; fileEncoding = 4; lastKnownFileType = file.xib; path = STKSunTrackerViewController.xib; sourceTree = "<group>"; };
		FAA1E55618A033CF00E90412 /* STKSunTrackerView.h */ = {isa = PBXFileReference; fileEncoding = 4; lastKnownFileType = sourcecode.c.h; path = STKSunTrackerView.h; sourceTree = "<group>"; };
		FAA1E55718A033CF00E90412 /* STKSunTrackerView.m */ = {isa = PBXFileReference; fileEncoding = 4; lastKnownFileType = sourcecode.c.objc; path = STKSunTrackerView.m; sourceTree = "<group>"; };
		FAA1E55C18A0356600E90412 /* STKSunTracker.h */ = {isa = PBXFileReference; fileEncoding = 4; lastKnownFileType = sourcecode.c.h; path = STKSunTracker.h; sourceTree = "<group>"; };
		FAA1E55D18A0356600E90412 /* STKSunTracker.m */ = {isa = PBXFileReference; fileEncoding = 4; lastKnownFileType = sourcecode.c.objc; path = STKSunTracker.m; sourceTree = "<group>"; };
		FAA1E56018A0358600E90412 /* STKGeometry.h */ = {isa = PBXFileReference; fileEncoding = 4; lastKnownFileType = sourcecode.c.h; path = STKGeometry.h; sourceTree = "<group>"; };
		FAA1E56118A0358600E90412 /* STKGeometry.m */ = {isa = PBXFileReference; fileEncoding = 4; lastKnownFileType = sourcecode.c.objc; path = STKGeometry.m; sourceTree = "<group>"; };
/* End PBXFileReference section */

/* Begin PBXFrameworksBuildPhase section */
		FAA1E51818A0335C00E90412 /* Frameworks */ = {
			isa = PBXFrameworksBuildPhase;
			buildActionMask = 2147483647;
			files = (
				FAA1E52118A0335C00E90412 /* CoreGraphics.framework in Frameworks */,
				FAA1E52318A0335C00E90412 /* UIKit.framework in Frameworks */,
				FAA1E51F18A0335C00E90412 /* Foundation.framework in Frameworks */,
			);
			runOnlyForDeploymentPostprocessing = 0;
		};
		FAA1E53318A0335C00E90412 /* Frameworks */ = {
			isa = PBXFrameworksBuildPhase;
			buildActionMask = 2147483647;
			files = (
				FAA1E53818A0335C00E90412 /* XCTest.framework in Frameworks */,
				FAA1E53A18A0335C00E90412 /* UIKit.framework in Frameworks */,
				FAA1E53918A0335C00E90412 /* Foundation.framework in Frameworks */,
			);
			runOnlyForDeploymentPostprocessing = 0;
		};
/* End PBXFrameworksBuildPhase section */

/* Begin PBXGroup section */
		FAA1E51218A0335C00E90412 = {
			isa = PBXGroup;
			children = (
				FAA1E52418A0335C00E90412 /* Sun Tracker */,
				FAA1E53D18A0335C00E90412 /* Sun TrackerTests */,
				FAA1E51D18A0335C00E90412 /* Frameworks */,
				FAA1E51C18A0335C00E90412 /* Products */,
			);
			sourceTree = "<group>";
		};
		FAA1E51C18A0335C00E90412 /* Products */ = {
			isa = PBXGroup;
			children = (
				FAA1E51B18A0335C00E90412 /* Sun Tracker.app */,
				FAA1E53618A0335C00E90412 /* Sun TrackerTests.xctest */,
			);
			name = Products;
			sourceTree = "<group>";
		};
		FAA1E51D18A0335C00E90412 /* Frameworks */ = {
			isa = PBXGroup;
			children = (
				FAA1E51E18A0335C00E90412 /* Foundation.framework */,
				FAA1E52018A0335C00E90412 /* CoreGraphics.framework */,
				FAA1E52218A0335C00E90412 /* UIKit.framework */,
				FAA1E53718A0335C00E90412 /* XCTest.framework */,
			);
			name = Frameworks;
			sourceTree = "<group>";
		};
		FAA1E52418A0335C00E90412 /* Sun Tracker */ = {
			isa = PBXGroup;
			children = (
				FAA1E55F18A0357900E90412 /* Tools */,
				FAA1E55A18A0354100E90412 /* Controllers */,
				FAA1E54D18A0336E00E90412 /* View Controller */,
				FAA1E52D18A0335C00E90412 /* STKAppDelegate.h */,
				FAA1E52E18A0335C00E90412 /* STKAppDelegate.m */,
				FAA1E53018A0335C00E90412 /* Images.xcassets */,
				FAA1E52518A0335C00E90412 /* Supporting Files */,
			);
			path = "Sun Tracker";
			sourceTree = "<group>";
		};
		FAA1E52518A0335C00E90412 /* Supporting Files */ = {
			isa = PBXGroup;
			children = (
				FAA1E52618A0335C00E90412 /* Sun Tracker-Info.plist */,
				FAA1E52718A0335C00E90412 /* InfoPlist.strings */,
				FAA1E52A18A0335C00E90412 /* main.m */,
				FAA1E52C18A0335C00E90412 /* Sun Tracker-Prefix.pch */,
			);
			name = "Supporting Files";
			sourceTree = "<group>";
		};
		FAA1E53D18A0335C00E90412 /* Sun TrackerTests */ = {
			isa = PBXGroup;
			children = (
				FAA1E54318A0335C00E90412 /* Sun_TrackerTests.m */,
				FAA1E53E18A0335C00E90412 /* Supporting Files */,
			);
			path = "Sun TrackerTests";
			sourceTree = "<group>";
		};
		FAA1E53E18A0335C00E90412 /* Supporting Files */ = {
			isa = PBXGroup;
			children = (
				FAA1E53F18A0335C00E90412 /* Sun TrackerTests-Info.plist */,
				FAA1E54018A0335C00E90412 /* InfoPlist.strings */,
			);
			name = "Supporting Files";
			sourceTree = "<group>";
		};
		FAA1E54D18A0336E00E90412 /* View Controller */ = {
			isa = PBXGroup;
			children = (
				FAA1E55918A033D500E90412 /* Sun Tracker view */,
				FAA1E55118A033AF00E90412 /* STKSunTrackerViewController.h */,
				FAA1E55218A033AF00E90412 /* STKSunTrackerViewController.m */,
				FAA1E55318A033AF00E90412 /* STKSunTrackerViewController.xib */,
			);
			name = "View Controller";
			sourceTree = "<group>";
		};
		FAA1E55918A033D500E90412 /* Sun Tracker view */ = {
			isa = PBXGroup;
			children = (
				FAA1E55618A033CF00E90412 /* STKSunTrackerView.h */,
				FAA1E55718A033CF00E90412 /* STKSunTrackerView.m */,
			);
			name = "Sun Tracker view";
			sourceTree = "<group>";
		};
		FAA1E55A18A0354100E90412 /* Controllers */ = {
			isa = PBXGroup;
			children = (
				FAA1E55B18A0355000E90412 /* Sun Tracker */,
			);
			name = Controllers;
			sourceTree = "<group>";
		};
		FAA1E55B18A0355000E90412 /* Sun Tracker */ = {
			isa = PBXGroup;
			children = (
				FAA1E55C18A0356600E90412 /* STKSunTracker.h */,
				FAA1E55D18A0356600E90412 /* STKSunTracker.m */,
			);
			name = "Sun Tracker";
			sourceTree = "<group>";
		};
		FAA1E55F18A0357900E90412 /* Tools */ = {
			isa = PBXGroup;
			children = (
				FAA1E56018A0358600E90412 /* STKGeometry.h */,
				FAA1E56118A0358600E90412 /* STKGeometry.m */,
			);
			name = Tools;
			sourceTree = "<group>";
		};
/* End PBXGroup section */

/* Begin PBXNativeTarget section */
		FAA1E51A18A0335C00E90412 /* Sun Tracker */ = {
			isa = PBXNativeTarget;
			buildConfigurationList = FAA1E54718A0335C00E90412 /* Build configuration list for PBXNativeTarget "Sun Tracker" */;
			buildPhases = (
				FAA1E51718A0335C00E90412 /* Sources */,
				FAA1E51818A0335C00E90412 /* Frameworks */,
				FAA1E51918A0335C00E90412 /* Resources */,
			);
			buildRules = (
			);
			dependencies = (
			);
			name = "Sun Tracker";
			productName = "Sun Tracker";
			productReference = FAA1E51B18A0335C00E90412 /* Sun Tracker.app */;
			productType = "com.apple.product-type.application";
		};
		FAA1E53518A0335C00E90412 /* Sun TrackerTests */ = {
			isa = PBXNativeTarget;
			buildConfigurationList = FAA1E54A18A0335C00E90412 /* Build configuration list for PBXNativeTarget "Sun TrackerTests" */;
			buildPhases = (
				FAA1E53218A0335C00E90412 /* Sources */,
				FAA1E53318A0335C00E90412 /* Frameworks */,
				FAA1E53418A0335C00E90412 /* Resources */,
			);
			buildRules = (
			);
			dependencies = (
				FAA1E53C18A0335C00E90412 /* PBXTargetDependency */,
			);
			name = "Sun TrackerTests";
			productName = "Sun TrackerTests";
			productReference = FAA1E53618A0335C00E90412 /* Sun TrackerTests.xctest */;
			productType = "com.apple.product-type.bundle.unit-test";
		};
/* End PBXNativeTarget section */

/* Begin PBXProject section */
		FAA1E51318A0335C00E90412 /* Project object */ = {
			isa = PBXProject;
			attributes = {
				CLASSPREFIX = STK;
				LastUpgradeCheck = 0500;
				TargetAttributes = {
					FAA1E53518A0335C00E90412 = {
						TestTargetID = FAA1E51A18A0335C00E90412;
					};
				};
			};
			buildConfigurationList = FAA1E51618A0335C00E90412 /* Build configuration list for PBXProject "Sun Tracker" */;
			compatibilityVersion = "Xcode 3.2";
			developmentRegion = English;
			hasScannedForEncodings = 0;
			knownRegions = (
				en,
			);
			mainGroup = FAA1E51218A0335C00E90412;
			productRefGroup = FAA1E51C18A0335C00E90412 /* Products */;
			projectDirPath = "";
			projectRoot = "";
			targets = (
				FAA1E51A18A0335C00E90412 /* Sun Tracker */,
				FAA1E53518A0335C00E90412 /* Sun TrackerTests */,
			);
		};
/* End PBXProject section */

/* Begin PBXResourcesBuildPhase section */
		FAA1E51918A0335C00E90412 /* Resources */ = {
			isa = PBXResourcesBuildPhase;
			buildActionMask = 2147483647;
			files = (
				FAA1E52918A0335C00E90412 /* InfoPlist.strings in Resources */,
				FAA1E53118A0335C00E90412 /* Images.xcassets in Resources */,
				FAA1E55518A033AF00E90412 /* STKSunTrackerViewController.xib in Resources */,
			);
			runOnlyForDeploymentPostprocessing = 0;
		};
		FAA1E53418A0335C00E90412 /* Resources */ = {
			isa = PBXResourcesBuildPhase;
			buildActionMask = 2147483647;
			files = (
				FAA1E54218A0335C00E90412 /* InfoPlist.strings in Resources */,
			);
			runOnlyForDeploymentPostprocessing = 0;
		};
/* End PBXResourcesBuildPhase section */

/* Begin PBXSourcesBuildPhase section */
		FAA1E51718A0335C00E90412 /* Sources */ = {
			isa = PBXSourcesBuildPhase;
			buildActionMask = 2147483647;
			files = (
				FAA1E55E18A0356600E90412 /* STKSunTracker.m in Sources */,
				FAA1E52B18A0335C00E90412 /* main.m in Sources */,
				FAA1E55818A033CF00E90412 /* STKSunTrackerView.m in Sources */,
				FAA1E55418A033AF00E90412 /* STKSunTrackerViewController.m in Sources */,
				FAA1E56218A0358600E90412 /* STKGeometry.m in Sources */,
				FAA1E52F18A0335C00E90412 /* STKAppDelegate.m in Sources */,
			);
			runOnlyForDeploymentPostprocessing = 0;
		};
		FAA1E53218A0335C00E90412 /* Sources */ = {
			isa = PBXSourcesBuildPhase;
			buildActionMask = 2147483647;
			files = (
				FAA1E54418A0335C00E90412 /* Sun_TrackerTests.m in Sources */,
			);
			runOnlyForDeploymentPostprocessing = 0;
		};
/* End PBXSourcesBuildPhase section */

/* Begin PBXTargetDependency section */
		FAA1E53C18A0335C00E90412 /* PBXTargetDependency */ = {
			isa = PBXTargetDependency;
			target = FAA1E51A18A0335C00E90412 /* Sun Tracker */;
			targetProxy = FAA1E53B18A0335C00E90412 /* PBXContainerItemProxy */;
		};
/* End PBXTargetDependency section */

/* Begin PBXVariantGroup section */
		FAA1E52718A0335C00E90412 /* InfoPlist.strings */ = {
			isa = PBXVariantGroup;
			children = (
				FAA1E52818A0335C00E90412 /* en */,
			);
			name = InfoPlist.strings;
			sourceTree = "<group>";
		};
		FAA1E54018A0335C00E90412 /* InfoPlist.strings */ = {
			isa = PBXVariantGroup;
			children = (
				FAA1E54118A0335C00E90412 /* en */,
			);
			name = InfoPlist.strings;
			sourceTree = "<group>";
		};
/* End PBXVariantGroup section */

/* Begin XCBuildConfiguration section */
		FAA1E54518A0335C00E90412 /* Debug */ = {
			isa = XCBuildConfiguration;
			buildSettings = {
				ALWAYS_SEARCH_USER_PATHS = NO;
				ARCHS = "$(ARCHS_STANDARD_INCLUDING_64_BIT)";
				CLANG_CXX_LANGUAGE_STANDARD = "gnu++0x";
				CLANG_CXX_LIBRARY = "libc++";
				CLANG_ENABLE_MODULES = YES;
				CLANG_ENABLE_OBJC_ARC = YES;
				CLANG_WARN_BOOL_CONVERSION = YES;
				CLANG_WARN_CONSTANT_CONVERSION = YES;
				CLANG_WARN_DIRECT_OBJC_ISA_USAGE = YES_ERROR;
				CLANG_WARN_EMPTY_BODY = YES;
				CLANG_WARN_ENUM_CONVERSION = YES;
				CLANG_WARN_INT_CONVERSION = YES;
				CLANG_WARN_OBJC_ROOT_CLASS = YES_ERROR;
				CLANG_WARN__DUPLICATE_METHOD_MATCH = YES;
				"CODE_SIGN_IDENTITY[sdk=iphoneos*]" = "iPhone Developer";
				COPY_PHASE_STRIP = NO;
				GCC_C_LANGUAGE_STANDARD = gnu99;
				GCC_DYNAMIC_NO_PIC = NO;
				GCC_OPTIMIZATION_LEVEL = 0;
				GCC_PREPROCESSOR_DEFINITIONS = (
					"DEBUG=1",
					"$(inherited)",
				);
				GCC_SYMBOLS_PRIVATE_EXTERN = NO;
				GCC_WARN_64_TO_32_BIT_CONVERSION = YES;
				GCC_WARN_ABOUT_RETURN_TYPE = YES_ERROR;
				GCC_WARN_UNDECLARED_SELECTOR = YES;
				GCC_WARN_UNINITIALIZED_AUTOS = YES;
				GCC_WARN_UNUSED_FUNCTION = YES;
				GCC_WARN_UNUSED_VARIABLE = YES;
				IPHONEOS_DEPLOYMENT_TARGET = 7.0;
				ONLY_ACTIVE_ARCH = YES;
				SDKROOT = iphoneos;
			};
			name = Debug;
		};
		FAA1E54618A0335C00E90412 /* Release */ = {
			isa = XCBuildConfiguration;
			buildSettings = {
				ALWAYS_SEARCH_USER_PATHS = NO;
				ARCHS = "$(ARCHS_STANDARD_INCLUDING_64_BIT)";
				CLANG_CXX_LANGUAGE_STANDARD = "gnu++0x";
				CLANG_CXX_LIBRARY = "libc++";
				CLANG_ENABLE_MODULES = YES;
				CLANG_ENABLE_OBJC_ARC = YES;
				CLANG_WARN_BOOL_CONVERSION = YES;
				CLANG_WARN_CONSTANT_CONVERSION = YES;
				CLANG_WARN_DIRECT_OBJC_ISA_USAGE = YES_ERROR;
				CLANG_WARN_EMPTY_BODY = YES;
				CLANG_WARN_ENUM_CONVERSION = YES;
				CLANG_WARN_INT_CONVERSION = YES;
				CLANG_WARN_OBJC_ROOT_CLASS = YES_ERROR;
				CLANG_WARN__DUPLICATE_METHOD_MATCH = YES;
				"CODE_SIGN_IDENTITY[sdk=iphoneos*]" = "iPhone Developer";
				COPY_PHASE_STRIP = YES;
				ENABLE_NS_ASSERTIONS = NO;
				GCC_C_LANGUAGE_STANDARD = gnu99;
				GCC_WARN_64_TO_32_BIT_CONVERSION = YES;
				GCC_WARN_ABOUT_RETURN_TYPE = YES_ERROR;
				GCC_WARN_UNDECLARED_SELECTOR = YES;
				GCC_WARN_UNINITIALIZED_AUTOS = YES;
				GCC_WARN_UNUSED_FUNCTION = YES;
				GCC_WARN_UNUSED_VARIABLE = YES;
				IPHONEOS_DEPLOYMENT_TARGET = 7.0;
				SDKROOT = iphoneos;
				VALIDATE_PRODUCT = YES;
			};
			name = Release;
		};
		FAA1E54818A0335C00E90412 /* Debug */ = {
			isa = XCBuildConfiguration;
			buildSettings = {
				ASSETCATALOG_COMPILER_APPICON_NAME = AppIcon;
				ASSETCATALOG_COMPILER_LAUNCHIMAGE_NAME = LaunchImage;
				GCC_PRECOMPILE_PREFIX_HEADER = YES;
				GCC_PREFIX_HEADER = "Sun Tracker/Sun Tracker-Prefix.pch";
				INFOPLIST_FILE = "Sun Tracker/Sun Tracker-Info.plist";
				PRODUCT_NAME = "$(TARGET_NAME)";
				WRAPPER_EXTENSION = app;
			};
			name = Debug;
		};
		FAA1E54918A0335C00E90412 /* Release */ = {
			isa = XCBuildConfiguration;
			buildSettings = {
				ASSETCATALOG_COMPILER_APPICON_NAME = AppIcon;
				ASSETCATALOG_COMPILER_LAUNCHIMAGE_NAME = LaunchImage;
				GCC_PRECOMPILE_PREFIX_HEADER = YES;
				GCC_PREFIX_HEADER = "Sun Tracker/Sun Tracker-Prefix.pch";
				INFOPLIST_FILE = "Sun Tracker/Sun Tracker-Info.plist";
				PRODUCT_NAME = "$(TARGET_NAME)";
				WRAPPER_EXTENSION = app;
			};
			name = Release;
		};
		FAA1E54B18A0335C00E90412 /* Debug */ = {
			isa = XCBuildConfiguration;
			buildSettings = {
				ARCHS = "$(ARCHS_STANDARD_INCLUDING_64_BIT)";
				BUNDLE_LOADER = "$(BUILT_PRODUCTS_DIR)/Sun Tracker.app/Sun Tracker";
				FRAMEWORK_SEARCH_PATHS = (
					"$(SDKROOT)/Developer/Library/Frameworks",
					"$(inherited)",
					"$(DEVELOPER_FRAMEWORKS_DIR)",
				);
				GCC_PRECOMPILE_PREFIX_HEADER = YES;
				GCC_PREFIX_HEADER = "Sun Tracker/Sun Tracker-Prefix.pch";
				GCC_PREPROCESSOR_DEFINITIONS = (
					"DEBUG=1",
					"$(inherited)",
				);
				INFOPLIST_FILE = "Sun TrackerTests/Sun TrackerTests-Info.plist";
				PRODUCT_NAME = "$(TARGET_NAME)";
				TEST_HOST = "$(BUNDLE_LOADER)";
				WRAPPER_EXTENSION = xctest;
			};
			name = Debug;
		};
		FAA1E54C18A0335C00E90412 /* Release */ = {
			isa = XCBuildConfiguration;
			buildSettings = {
				ARCHS = "$(ARCHS_STANDARD_INCLUDING_64_BIT)";
				BUNDLE_LOADER = "$(BUILT_PRODUCTS_DIR)/Sun Tracker.app/Sun Tracker";
				FRAMEWORK_SEARCH_PATHS = (
					"$(SDKROOT)/Developer/Library/Frameworks",
					"$(inherited)",
					"$(DEVELOPER_FRAMEWORKS_DIR)",
				);
				GCC_PRECOMPILE_PREFIX_HEADER = YES;
				GCC_PREFIX_HEADER = "Sun Tracker/Sun Tracker-Prefix.pch";
				INFOPLIST_FILE = "Sun TrackerTests/Sun TrackerTests-Info.plist";
				PRODUCT_NAME = "$(TARGET_NAME)";
				TEST_HOST = "$(BUNDLE_LOADER)";
				WRAPPER_EXTENSION = xctest;
			};
			name = Release;
		};
/* End XCBuildConfiguration section */

/* Begin XCConfigurationList section */
		FAA1E51618A0335C00E90412 /* Build configuration list for PBXProject "Sun Tracker" */ = {
			isa = XCConfigurationList;
			buildConfigurations = (
				FAA1E54518A0335C00E90412 /* Debug */,
				FAA1E54618A0335C00E90412 /* Release */,
			);
			defaultConfigurationIsVisible = 0;
			defaultConfigurationName = Release;
		};
		FAA1E54718A0335C00E90412 /* Build configuration list for PBXNativeTarget "Sun Tracker" */ = {
			isa = XCConfigurationList;
			buildConfigurations = (
				FAA1E54818A0335C00E90412 /* Debug */,
				FAA1E54918A0335C00E90412 /* Release */,
			);
			defaultConfigurationIsVisible = 0;
			defaultConfigurationName = Release;
		};
		FAA1E54A18A0335C00E90412 /* Build configuration list for PBXNativeTarget "Sun TrackerTests" */ = {
			isa = XCConfigurationList;
			buildConfigurations = (
				FAA1E54B18A0335C00E90412 /* Debug */,
				FAA1E54C18A0335C00E90412 /* Release */,
			);
			defaultConfigurationIsVisible = 0;
			defaultConfigurationName = Release;
		};
/* End XCConfigurationList section */
	};
	rootObject = FAA1E51318A0335C00E90412 /* Project object */;
}
